
Microsoft Visual Studio Solution File, Format Version 12.00
# Visual Studio Version 16
VisualStudioVersion = 16.0.31205.134
MinimumVisualStudioVersion = 10.0.40219.1
Project("{9A19103F-16F7-4668-BE54-9A1E7A4F7556}") = "Jean-P1-AP2", "Jean-P1-AP2.csproj", "{AD0CD8C9-C325-4459-A280-86D3A1DA58A2}"
EndProject
Global
	GlobalSection(SolutionConfigurationPlatforms) = preSolution
		Debug|Any CPU = Debug|Any CPU
		Release|Any CPU = Release|Any CPU
	EndGlobalSection
	GlobalSection(ProjectConfigurationPlatforms) = postSolution
		{AD0CD8C9-C325-4459-A280-86D3A1DA58A2}.Debug|Any CPU.ActiveCfg = Debug|Any CPU
		{AD0CD8C9-C325-4459-A280-86D3A1DA58A2}.Debug|Any CPU.Build.0 = Debug|Any CPU
		{AD0CD8C9-C325-4459-A280-86D3A1DA58A2}.Release|Any CPU.ActiveCfg = Release|Any CPU
		{AD0CD8C9-C325-4459-A280-86D3A1DA58A2}.Release|Any CPU.Build.0 = Release|Any CPU
	EndGlobalSection
	GlobalSection(SolutionProperties) = preSolution
		HideSolutionNode = FALSE
	EndGlobalSection
	GlobalSection(ExtensibilityGlobals) = postSolution
		SolutionGuid = {B52616F5-79F4-46FA-8D8A-EBDB9A2B5CDC}
	EndGlobalSection
EndGlobal
